// !$*UTF8*$!
{
	archiveVersion = 1;
	classes = {
	};
	objectVersion = 50;
	objects = {

/* Begin PBXBuildFile section */
		07A7909927FC798400457DFC /* internode.cpp in Sources */ = {isa = PBXBuildFile; fileRef = 07A7908327FC798200457DFC /* internode.cpp */; };
		07A7909A27FC798400457DFC /* structure.cpp in Sources */ = {isa = PBXBuildFile; fileRef = 07A7908627FC798200457DFC /* structure.cpp */; };
		07A7909D27FC798400457DFC /* main.cpp in Sources */ = {isa = PBXBuildFile; fileRef = 07A7908A27FC798200457DFC /* main.cpp */; };
		07A7909E27FC798400457DFC /* leafnode.cpp in Sources */ = {isa = PBXBuildFile; fileRef = 07A7908C27FC798300457DFC /* leafnode.cpp */; };
		07A7909F27FC798400457DFC /* b_plus.cpp in Sources */ = {isa = PBXBuildFile; fileRef = 07A7908F27FC798300457DFC /* b_plus.cpp */; };
		07A790A027FC798400457DFC /* node.cpp in Sources */ = {isa = PBXBuildFile; fileRef = 07A7909127FC798300457DFC /* node.cpp */; };
		07A790A127FC798400457DFC /* help.cpp in Sources */ = {isa = PBXBuildFile; fileRef = 07A7909227FC798300457DFC /* help.cpp */; };
		07A790A227FC798400457DFC /* system.cpp in Sources */ = {isa = PBXBuildFile; fileRef = 07A7909627FC798400457DFC /* system.cpp */; };
		07ADD71327FC9022005F83AD /* operations.cpp in Sources */ = {isa = PBXBuildFile; fileRef = 07ADD71227FC9022005F83AD /* operations.cpp */; };
		07ADD71527FC9038005F83AD /* output.cpp in Sources */ = {isa = PBXBuildFile; fileRef = 07ADD71427FC9038005F83AD /* output.cpp */; };
		07ADD71727FC934E005F83AD /* panel.cpp in Sources */ = {isa = PBXBuildFile; fileRef = 07ADD71627FC934E005F83AD /* panel.cpp */; };
		07BD0ACF280E9556004759B3 /* shared.cpp in Sources */ = {isa = PBXBuildFile; fileRef = 07BD0ACE280E9556004759B3 /* shared.cpp */; };
/* End PBXBuildFile section */

/* Begin PBXCopyFilesBuildPhase section */
		07A7907727FC795400457DFC /* CopyFiles */ = {
			isa = PBXCopyFilesBuildPhase;
			buildActionMask = 2147483647;
			dstPath = /usr/share/man/man1/;
			dstSubfolderSpec = 0;
			files = (
			);
			runOnlyForDeploymentPostprocessing = 1;
		};
/* End PBXCopyFilesBuildPhase section */

/* Begin PBXFileReference section */
		07A7907927FC795400457DFC /* mini_DB */ = {isa = PBXFileReference; explicitFileType = "compiled.mach-o.executable"; includeInIndex = 0; path = mini_DB; sourceTree = BUILT_PRODUCTS_DIR; };
		07A7908327FC798200457DFC /* internode.cpp */ = {isa = PBXFileReference; fileEncoding = 4; lastKnownFileType = sourcecode.cpp.cpp; path = internode.cpp; sourceTree = "<group>"; };
		07A7908427FC798200457DFC /* mini_DB.dSYM */ = {isa = PBXFileReference; lastKnownFileType = wrapper.dsym; path = mini_DB.dSYM; sourceTree = "<group>"; };
		07A7908527FC798200457DFC /* Node.h */ = {isa = PBXFileReference; fileEncoding = 4; lastKnownFileType = sourcecode.c.h; path = Node.h; sourceTree = "<group>"; };
		07A7908627FC798200457DFC /* structure.cpp */ = {isa = PBXFileReference; fileEncoding = 4; lastKnownFileType = sourcecode.cpp.cpp; path = structure.cpp; sourceTree = "<group>"; };
		07A7908827FC798200457DFC /* mini_DB */ = {isa = PBXFileReference; lastKnownFileType = "compiled.mach-o.executable"; path = mini_DB; sourceTree = "<group>"; };
		07A7908A27FC798200457DFC /* main.cpp */ = {isa = PBXFileReference; fileEncoding = 4; lastKnownFileType = sourcecode.cpp.cpp; path = main.cpp; sourceTree = "<group>"; };
		07A7908B27FC798300457DFC /* Panel.h */ = {isa = PBXFileReference; fileEncoding = 4; lastKnownFileType = sourcecode.c.h; path = Panel.h; sourceTree = "<group>"; };
		07A7908C27FC798300457DFC /* leafnode.cpp */ = {isa = PBXFileReference; fileEncoding = 4; lastKnownFileType = sourcecode.cpp.cpp; path = leafnode.cpp; sourceTree = "<group>"; };
		07A7908E27FC798300457DFC /* B_plus.h */ = {isa = PBXFileReference; fileEncoding = 4; lastKnownFileType = sourcecode.c.h; path = B_plus.h; sourceTree = "<group>"; };
		07A7908F27FC798300457DFC /* b_plus.cpp */ = {isa = PBXFileReference; fileEncoding = 4; lastKnownFileType = sourcecode.cpp.cpp; path = b_plus.cpp; sourceTree = "<group>"; };
		07A7909027FC798300457DFC /* LeafNode.h */ = {isa = PBXFileReference; fileEncoding = 4; lastKnownFileType = sourcecode.c.h; path = LeafNode.h; sourceTree = "<group>"; };
		07A7909127FC798300457DFC /* node.cpp */ = {isa = PBXFileReference; fileEncoding = 4; lastKnownFileType = sourcecode.cpp.cpp; path = node.cpp; sourceTree = "<group>"; };
		07A7909227FC798300457DFC /* help.cpp */ = {isa = PBXFileReference; fileEncoding = 4; lastKnownFileType = sourcecode.cpp.cpp; path = help.cpp; sourceTree = "<group>"; };
		07A7909327FC798300457DFC /* Help.h */ = {isa = PBXFileReference; fileEncoding = 4; lastKnownFileType = sourcecode.c.h; path = Help.h; sourceTree = "<group>"; };
		07A7909427FC798300457DFC /* Structure.h */ = {isa = PBXFileReference; fileEncoding = 4; lastKnownFileType = sourcecode.c.h; path = Structure.h; sourceTree = "<group>"; };
		07A7909527FC798400457DFC /* InterNode.h */ = {isa = PBXFileReference; fileEncoding = 4; lastKnownFileType = sourcecode.c.h; path = InterNode.h; sourceTree = "<group>"; };
		07A7909627FC798400457DFC /* system.cpp */ = {isa = PBXFileReference; fileEncoding = 4; lastKnownFileType = sourcecode.cpp.cpp; path = system.cpp; sourceTree = "<group>"; };
		07A7909727FC798400457DFC /* System.h */ = {isa = PBXFileReference; fileEncoding = 4; lastKnownFileType = sourcecode.c.h; path = System.h; sourceTree = "<group>"; };
		07A7909827FC798400457DFC /* Config.h */ = {isa = PBXFileReference; fileEncoding = 4; lastKnownFileType = sourcecode.c.h; path = Config.h; sourceTree = "<group>"; };
		07ADD70C27FC8B7E005F83AD /* Output.h */ = {isa = PBXFileReference; lastKnownFileType = sourcecode.c.h; path = Output.h; sourceTree = "<group>"; };
		07ADD70F27FC8FBC005F83AD /* Operations.h */ = {isa = PBXFileReference; lastKnownFileType = sourcecode.c.h; path = Operations.h; sourceTree = "<group>"; };
		07ADD71227FC9022005F83AD /* operations.cpp */ = {isa = PBXFileReference; lastKnownFileType = sourcecode.cpp.cpp; path = operations.cpp; sourceTree = "<group>"; };
		07ADD71427FC9038005F83AD /* output.cpp */ = {isa = PBXFileReference; fileEncoding = 4; lastKnownFileType = sourcecode.cpp.cpp; path = output.cpp; sourceTree = "<group>"; };
		07ADD71627FC934E005F83AD /* panel.cpp */ = {isa = PBXFileReference; fileEncoding = 4; lastKnownFileType = sourcecode.cpp.cpp; path = panel.cpp; sourceTree = "<group>"; };
		07ADD71827FC9677005F83AD /* Shared.h */ = {isa = PBXFileReference; lastKnownFileType = sourcecode.c.h; path = Shared.h; sourceTree = "<group>"; };
		07BD0ACE280E9556004759B3 /* shared.cpp */ = {isa = PBXFileReference; fileEncoding = 4; lastKnownFileType = sourcecode.cpp.cpp; path = shared.cpp; sourceTree = "<group>"; };
/* End PBXFileReference section */

/* Begin PBXFrameworksBuildPhase section */
		07A7907627FC795400457DFC /* Frameworks */ = {
			isa = PBXFrameworksBuildPhase;
			buildActionMask = 2147483647;
			files = (
			);
			runOnlyForDeploymentPostprocessing = 0;
		};
/* End PBXFrameworksBuildPhase section */

/* Begin PBXGroup section */
		07A7907027FC795400457DFC = {
			isa = PBXGroup;
			children = (
				07A7907B27FC795400457DFC /* mini_DB */,
				07A7907A27FC795400457DFC /* Products */,
			);
			sourceTree = "<group>";
		};
		07A7907A27FC795400457DFC /* Products */ = {
			isa = PBXGroup;
			children = (
				07A7907927FC795400457DFC /* mini_DB */,
			);
			name = Products;
			sourceTree = "<group>";
		};
		07A7907B27FC795400457DFC /* mini_DB */ = {
			isa = PBXGroup;
			children = (
				07A7908F27FC798300457DFC /* b_plus.cpp */,
				07A7908E27FC798300457DFC /* B_plus.h */,
				07A7909827FC798400457DFC /* Config.h */,
				07A7909227FC798300457DFC /* help.cpp */,
				07A7909327FC798300457DFC /* Help.h */,
				07A7908327FC798200457DFC /* internode.cpp */,
				07A7909527FC798400457DFC /* InterNode.h */,
				07A7908C27FC798300457DFC /* leafnode.cpp */,
				07A7909027FC798300457DFC /* LeafNode.h */,
				07A7908A27FC798200457DFC /* main.cpp */,
				07A7908827FC798200457DFC /* mini_DB */,
				07A7908427FC798200457DFC /* mini_DB.dSYM */,
				07A7909127FC798300457DFC /* node.cpp */,
				07A7908527FC798200457DFC /* Node.h */,
				07ADD71227FC9022005F83AD /* operations.cpp */,
				07ADD70F27FC8FBC005F83AD /* Operations.h */,
				07ADD71427FC9038005F83AD /* output.cpp */,
				07ADD70C27FC8B7E005F83AD /* Output.h */,
				07ADD71627FC934E005F83AD /* panel.cpp */,
				07A7908B27FC798300457DFC /* Panel.h */,
				07BD0ACE280E9556004759B3 /* shared.cpp */,
				07ADD71827FC9677005F83AD /* Shared.h */,
				07A7908627FC798200457DFC /* structure.cpp */,
				07A7909427FC798300457DFC /* Structure.h */,
				07A7909627FC798400457DFC /* system.cpp */,
				07A7909727FC798400457DFC /* System.h */,
			);
			path = mini_DB;
			sourceTree = "<group>";
		};
/* End PBXGroup section */

/* Begin PBXNativeTarget section */
		07A7907827FC795400457DFC /* mini_DB */ = {
			isa = PBXNativeTarget;
			buildConfigurationList = 07A7908027FC795400457DFC /* Build configuration list for PBXNativeTarget "mini_DB" */;
			buildPhases = (
				07A7907527FC795400457DFC /* Sources */,
				07A7907627FC795400457DFC /* Frameworks */,
				07A7907727FC795400457DFC /* CopyFiles */,
			);
			buildRules = (
			);
			dependencies = (
			);
			name = mini_DB;
			productName = mini_DB;
			productReference = 07A7907927FC795400457DFC /* mini_DB */;
			productType = "com.apple.product-type.tool";
		};
/* End PBXNativeTarget section */

/* Begin PBXProject section */
		07A7907127FC795400457DFC /* Project object */ = {
			isa = PBXProject;
			attributes = {
				LastUpgradeCheck = 1030;
				ORGANIZATIONNAME = "胡剑铮";
				TargetAttributes = {
					07A7907827FC795400457DFC = {
						CreatedOnToolsVersion = 10.3;
					};
				};
			};
			buildConfigurationList = 07A7907427FC795400457DFC /* Build configuration list for PBXProject "mini_DB" */;
			compatibilityVersion = "Xcode 9.3";
			developmentRegion = en;
			hasScannedForEncodings = 0;
			knownRegions = (
				en,
			);
			mainGroup = 07A7907027FC795400457DFC;
			productRefGroup = 07A7907A27FC795400457DFC /* Products */;
			projectDirPath = "";
			projectRoot = "";
			targets = (
				07A7907827FC795400457DFC /* mini_DB */,
			);
		};
/* End PBXProject section */

/* Begin PBXSourcesBuildPhase section */
		07A7907527FC795400457DFC /* Sources */ = {
			isa = PBXSourcesBuildPhase;
			buildActionMask = 2147483647;
			files = (
				07A7909F27FC798400457DFC /* b_plus.cpp in Sources */,
				07ADD71727FC934E005F83AD /* panel.cpp in Sources */,
				07BD0ACF280E9556004759B3 /* shared.cpp in Sources */,
				07A7909927FC798400457DFC /* internode.cpp in Sources */,
				07A790A027FC798400457DFC /* node.cpp in Sources */,
				07A790A227FC798400457DFC /* system.cpp in Sources */,
				07A7909D27FC798400457DFC /* main.cpp in Sources */,
				07A7909E27FC798400457DFC /* leafnode.cpp in Sources */,
				07A7909A27FC798400457DFC /* structure.cpp in Sources */,
				07ADD71527FC9038005F83AD /* output.cpp in Sources */,
				07A790A127FC798400457DFC /* help.cpp in Sources */,
				07ADD71327FC9022005F83AD /* operations.cpp in Sources */,
			);
			runOnlyForDeploymentPostprocessing = 0;
		};
/* End PBXSourcesBuildPhase section */

/* Begin XCBuildConfiguration section */
		07A7907E27FC795400457DFC /* Debug */ = {
			isa = XCBuildConfiguration;
			buildSettings = {
				ALWAYS_SEARCH_USER_PATHS = NO;
				CLANG_ANALYZER_NONNULL = YES;
				CLANG_ANALYZER_NUMBER_OBJECT_CONVERSION = YES_AGGRESSIVE;
				CLANG_CXX_LANGUAGE_STANDARD = "gnu++14";
				CLANG_CXX_LIBRARY = "libc++";
				CLANG_ENABLE_MODULES = YES;
				CLANG_ENABLE_OBJC_ARC = YES;
				CLANG_ENABLE_OBJC_WEAK = YES;
				CLANG_WARN_BLOCK_CAPTURE_AUTORELEASING = YES;
				CLANG_WARN_BOOL_CONVERSION = YES;
				CLANG_WARN_COMMA = YES;
				CLANG_WARN_CONSTANT_CONVERSION = YES;
				CLANG_WARN_DEPRECATED_OBJC_IMPLEMENTATIONS = YES;
				CLANG_WARN_DIRECT_OBJC_ISA_USAGE = YES_ERROR;
				CLANG_WARN_DOCUMENTATION_COMMENTS = YES;
				CLANG_WARN_EMPTY_BODY = YES;
				CLANG_WARN_ENUM_CONVERSION = YES;
				CLANG_WARN_INFINITE_RECURSION = YES;
				CLANG_WARN_INT_CONVERSION = YES;
				CLANG_WARN_NON_LITERAL_NULL_CONVERSION = YES;
				CLANG_WARN_OBJC_IMPLICIT_RETAIN_SELF = YES;
				CLANG_WARN_OBJC_LITERAL_CONVERSION = YES;
				CLANG_WARN_OBJC_ROOT_CLASS = YES_ERROR;
				CLANG_WARN_RANGE_LOOP_ANALYSIS = YES;
				CLANG_WARN_STRICT_PROTOTYPES = YES;
				CLANG_WARN_SUSPICIOUS_MOVE = YES;
				CLANG_WARN_UNGUARDED_AVAILABILITY = YES_AGGRESSIVE;
				CLANG_WARN_UNREACHABLE_CODE = YES;
				CLANG_WARN__DUPLICATE_METHOD_MATCH = YES;
				CODE_SIGN_IDENTITY = "-";
				COPY_PHASE_STRIP = NO;
				DEBUG_INFORMATION_FORMAT = dwarf;
				ENABLE_STRICT_OBJC_MSGSEND = YES;
				ENABLE_TESTABILITY = YES;
				GCC_C_LANGUAGE_STANDARD = gnu11;
				GCC_DYNAMIC_NO_PIC = NO;
				GCC_NO_COMMON_BLOCKS = YES;
				GCC_OPTIMIZATION_LEVEL = 0;
				GCC_PREPROCESSOR_DEFINITIONS = (
					"DEBUG=1",
					"$(inherited)",
				);
				GCC_WARN_64_TO_32_BIT_CONVERSION = YES;
				GCC_WARN_ABOUT_RETURN_TYPE = YES_ERROR;
				GCC_WARN_UNDECLARED_SELECTOR = YES;
				GCC_WARN_UNINITIALIZED_AUTOS = YES_AGGRESSIVE;
				GCC_WARN_UNUSED_FUNCTION = YES;
				GCC_WARN_UNUSED_VARIABLE = YES;
				MACOSX_DEPLOYMENT_TARGET = 10.14;
				MTL_ENABLE_DEBUG_INFO = INCLUDE_SOURCE;
				MTL_FAST_MATH = YES;
				ONLY_ACTIVE_ARCH = YES;
				SDKROOT = macosx;
			};
			name = Debug;
		};
		07A7907F27FC795400457DFC /* Release */ = {
			isa = XCBuildConfiguration;
			buildSettings = {
				ALWAYS_SEARCH_USER_PATHS = NO;
				CLANG_ANALYZER_NONNULL = YES;
				CLANG_ANALYZER_NUMBER_OBJECT_CONVERSION = YES_AGGRESSIVE;
				CLANG_CXX_LANGUAGE_STANDARD = "gnu++14";
				CLANG_CXX_LIBRARY = "libc++";
				CLANG_ENABLE_MODULES = YES;
				CLANG_ENABLE_OBJC_ARC = YES;
				CLANG_ENABLE_OBJC_WEAK = YES;
				CLANG_WARN_BLOCK_CAPTURE_AUTORELEASING = YES;
				CLANG_WARN_BOOL_CONVERSION = YES;
				CLANG_WARN_COMMA = YES;
				CLANG_WARN_CONSTANT_CONVERSION = YES;
				CLANG_WARN_DEPRECATED_OBJC_IMPLEMENTATIONS = YES;
				CLANG_WARN_DIRECT_OBJC_ISA_USAGE = YES_ERROR;
				CLANG_WARN_DOCUMENTATION_COMMENTS = YES;
				CLANG_WARN_EMPTY_BODY = YES;
				CLANG_WARN_ENUM_CONVERSION = YES;
				CLANG_WARN_INFINITE_RECURSION = YES;
				CLANG_WARN_INT_CONVERSION = YES;
				CLANG_WARN_NON_LITERAL_NULL_CONVERSION = YES;
				CLANG_WARN_OBJC_IMPLICIT_RETAIN_SELF = YES;
				CLANG_WARN_OBJC_LITERAL_CONVERSION = YES;
				CLANG_WARN_OBJC_ROOT_CLASS = YES_ERROR;
				CLANG_WARN_RANGE_LOOP_ANALYSIS = YES;
				CLANG_WARN_STRICT_PROTOTYPES = YES;
				CLANG_WARN_SUSPICIOUS_MOVE = YES;
				CLANG_WARN_UNGUARDED_AVAILABILITY = YES_AGGRESSIVE;
				CLANG_WARN_UNREACHABLE_CODE = YES;
				CLANG_WARN__DUPLICATE_METHOD_MATCH = YES;
				CODE_SIGN_IDENTITY = "-";
				COPY_PHASE_STRIP = NO;
				DEBUG_INFORMATION_FORMAT = "dwarf-with-dsym";
				ENABLE_NS_ASSERTIONS = NO;
				ENABLE_STRICT_OBJC_MSGSEND = YES;
				GCC_C_LANGUAGE_STANDARD = gnu11;
				GCC_NO_COMMON_BLOCKS = YES;
				GCC_WARN_64_TO_32_BIT_CONVERSION = YES;
				GCC_WARN_ABOUT_RETURN_TYPE = YES_ERROR;
				GCC_WARN_UNDECLARED_SELECTOR = YES;
				GCC_WARN_UNINITIALIZED_AUTOS = YES_AGGRESSIVE;
				GCC_WARN_UNUSED_FUNCTION = YES;
				GCC_WARN_UNUSED_VARIABLE = YES;
				MACOSX_DEPLOYMENT_TARGET = 10.14;
				MTL_ENABLE_DEBUG_INFO = NO;
				MTL_FAST_MATH = YES;
				SDKROOT = macosx;
			};
			name = Release;
		};
		07A7908127FC795400457DFC /* Debug */ = {
			isa = XCBuildConfiguration;
			buildSettings = {
				CODE_SIGN_STYLE = Automatic;
				PRODUCT_NAME = "$(TARGET_NAME)";
			};
			name = Debug;
		};
		07A7908227FC795400457DFC /* Release */ = {
			isa = XCBuildConfiguration;
			buildSettings = {
				CODE_SIGN_STYLE = Automatic;
				PRODUCT_NAME = "$(TARGET_NAME)";
			};
			name = Release;
		};
/* End XCBuildConfiguration section */

/* Begin XCConfigurationList section */
		07A7907427FC795400457DFC /* Build configuration list for PBXProject "mini_DB" */ = {
			isa = XCConfigurationList;
			buildConfigurations = (
				07A7907E27FC795400457DFC /* Debug */,
				07A7907F27FC795400457DFC /* Release */,
			);
			defaultConfigurationIsVisible = 0;
			defaultConfigurationName = Release;
		};
		07A7908027FC795400457DFC /* Build configuration list for PBXNativeTarget "mini_DB" */ = {
			isa = XCConfigurationList;
			buildConfigurations = (
				07A7908127FC795400457DFC /* Debug */,
				07A7908227FC795400457DFC /* Release */,
			);
			defaultConfigurationIsVisible = 0;
			defaultConfigurationName = Release;
		};
/* End XCConfigurationList section */
	};
	rootObject = 07A7907127FC795400457DFC /* Project object */;
}
